
Microsoft Visual Studio Solution File, Format Version 12.00
# Visual Studio Version 17
VisualStudioVersion = 17.14.36518.9 d17.14
MinimumVisualStudioVersion = 10.0.40219.1
Project("{FAE04EC0-301F-11D3-BF4B-00C04F79EFBC}") = "Firefox_Bookmarks_Cleanup", "Firefox_Bookmarks_Cleanup\Firefox_Bookmarks_Cleanup.csproj", "{EDF79050-6AF3-05E8-5CCC-3D205AAA2105}"
EndProject
Global
	GlobalSection(SolutionConfigurationPlatforms) = preSolution
		Debug|Any CPU = Debug|Any CPU
		Release|Any CPU = Release|Any CPU
	EndGlobalSection
	GlobalSection(ProjectConfigurationPlatforms) = postSolution
		{EDF79050-6AF3-05E8-5CCC-3D205AAA2105}.Debug|Any CPU.ActiveCfg = Debug|Any CPU
		{EDF79050-6AF3-05E8-5CCC-3D205AAA2105}.Debug|Any CPU.Build.0 = Debug|Any CPU
		{EDF79050-6AF3-05E8-5CCC-3D205AAA2105}.Release|Any CPU.ActiveCfg = Release|Any CPU
		{EDF79050-6AF3-05E8-5CCC-3D205AAA2105}.Release|Any CPU.Build.0 = Release|Any CPU
	EndGlobalSection
	GlobalSection(SolutionProperties) = preSolution
		HideSolutionNode = FALSE
	EndGlobalSection
	GlobalSection(ExtensibilityGlobals) = postSolution
		SolutionGuid = {0DF9250F-DA43-400A-B7E4-5CD840F641A4}
	EndGlobalSection
EndGlobal
